// !$*UTF8*$!
{
	archiveVersion = 1;
	classes = {
	};
	objectVersion = 46;
	objects = {

/* Begin PBXBuildFile section */
		BDD6AC151C024CCC00728065 /* ProgramObject.cpp in Sources */ = {isa = PBXBuildFile; fileRef = BDD6AC131C024CCC00728065 /* ProgramObject.cpp */; };
		BDD6AC181C025C0000728065 /* SoundFile.cpp in Sources */ = {isa = PBXBuildFile; fileRef = BDD6AC161C025C0000728065 /* SoundFile.cpp */; };
		BDD6AC191C025CBB00728065 /* Makefile in Sources */ = {isa = PBXBuildFile; fileRef = BDD6AC0D1C02495800728065 /* Makefile */; };
		BDD6AC201C025E7E00728065 /* Cs229File.cpp in Sources */ = {isa = PBXBuildFile; fileRef = BDD6AC1A1C025E7E00728065 /* Cs229File.cpp */; };
		BDD6AC211C025E7E00728065 /* WavFile.cpp in Sources */ = {isa = PBXBuildFile; fileRef = BDD6AC1C1C025E7E00728065 /* WavFile.cpp */; };
		BDD6AC221C025E7E00728065 /* ABC229File.cpp in Sources */ = {isa = PBXBuildFile; fileRef = BDD6AC1E1C025E7E00728065 /* ABC229File.cpp */; };
		BDD6AC251C02600E00728065 /* Instrument.cpp in Sources */ = {isa = PBXBuildFile; fileRef = BDD6AC231C02600E00728065 /* Instrument.cpp */; };
		BDD6AC311C02805F00728065 /* StringConversion.cpp in Sources */ = {isa = PBXBuildFile; fileRef = BDD6AC301C02805F00728065 /* StringConversion.cpp */; };
		BDD6AC511C03B12100728065 /* README.md in Sources */ = {isa = PBXBuildFile; fileRef = BDD6AC4F1C03B12100728065 /* README.md */; };
		BDD6AC551C03B53300728065 /* Sample.cpp in Sources */ = {isa = PBXBuildFile; fileRef = BDD6AC531C03B53300728065 /* Sample.cpp */; };
		BDD6AC5E1C041DF200728065 /* sndinfo.cpp in Sources */ = {isa = PBXBuildFile; fileRef = BDD6AC061C0248F100728065 /* sndinfo.cpp */; };
/* End PBXBuildFile section */

/* Begin PBXCopyFilesBuildPhase section */
		BDD6AC011C0248F100728065 /* CopyFiles */ = {
			isa = PBXCopyFilesBuildPhase;
			buildActionMask = 2147483647;
			dstPath = /usr/share/man/man1/;
			dstSubfolderSpec = 0;
			files = (
			);
			runOnlyForDeploymentPostprocessing = 1;
		};
/* End PBXCopyFilesBuildPhase section */

/* Begin PBXFileReference section */
		BDD6AC031C0248F100728065 /* HW4 */ = {isa = PBXFileReference; explicitFileType = "compiled.mach-o.executable"; includeInIndex = 0; path = HW4; sourceTree = BUILT_PRODUCTS_DIR; };
		BDD6AC061C0248F100728065 /* sndinfo.cpp */ = {isa = PBXFileReference; lastKnownFileType = sourcecode.cpp.cpp; path = sndinfo.cpp; sourceTree = "<group>"; };
		BDD6AC0D1C02495800728065 /* Makefile */ = {isa = PBXFileReference; fileEncoding = 4; lastKnownFileType = sourcecode.make; name = Makefile; path = HW4/Makefile; sourceTree = "<group>"; };
		BDD6AC0F1C0249A400728065 /* sndinfo.h */ = {isa = PBXFileReference; lastKnownFileType = sourcecode.c.h; path = sndinfo.h; sourceTree = "<group>"; };
		BDD6AC131C024CCC00728065 /* ProgramObject.cpp */ = {isa = PBXFileReference; fileEncoding = 4; lastKnownFileType = sourcecode.cpp.cpp; path = ProgramObject.cpp; sourceTree = "<group>"; };
		BDD6AC141C024CCC00728065 /* ProgramObject.h */ = {isa = PBXFileReference; fileEncoding = 4; lastKnownFileType = sourcecode.c.h; path = ProgramObject.h; sourceTree = "<group>"; };
		BDD6AC161C025C0000728065 /* SoundFile.cpp */ = {isa = PBXFileReference; fileEncoding = 4; lastKnownFileType = sourcecode.cpp.cpp; path = SoundFile.cpp; sourceTree = "<group>"; };
		BDD6AC171C025C0000728065 /* SoundFile.h */ = {isa = PBXFileReference; fileEncoding = 4; lastKnownFileType = sourcecode.c.h; path = SoundFile.h; sourceTree = "<group>"; };
		BDD6AC1A1C025E7E00728065 /* Cs229File.cpp */ = {isa = PBXFileReference; fileEncoding = 4; lastKnownFileType = sourcecode.cpp.cpp; path = Cs229File.cpp; sourceTree = "<group>"; };
		BDD6AC1B1C025E7E00728065 /* Cs229File.h */ = {isa = PBXFileReference; fileEncoding = 4; lastKnownFileType = sourcecode.c.h; path = Cs229File.h; sourceTree = "<group>"; };
		BDD6AC1C1C025E7E00728065 /* WavFile.cpp */ = {isa = PBXFileReference; fileEncoding = 4; lastKnownFileType = sourcecode.cpp.cpp; path = WavFile.cpp; sourceTree = "<group>"; };
		BDD6AC1D1C025E7E00728065 /* WavFile.h */ = {isa = PBXFileReference; fileEncoding = 4; lastKnownFileType = sourcecode.c.h; path = WavFile.h; sourceTree = "<group>"; };
		BDD6AC1E1C025E7E00728065 /* ABC229File.cpp */ = {isa = PBXFileReference; fileEncoding = 4; lastKnownFileType = sourcecode.cpp.cpp; path = ABC229File.cpp; sourceTree = "<group>"; };
		BDD6AC1F1C025E7E00728065 /* ABC229File.h */ = {isa = PBXFileReference; fileEncoding = 4; lastKnownFileType = sourcecode.c.h; path = ABC229File.h; sourceTree = "<group>"; };
		BDD6AC231C02600E00728065 /* Instrument.cpp */ = {isa = PBXFileReference; fileEncoding = 4; lastKnownFileType = sourcecode.cpp.cpp; path = Instrument.cpp; sourceTree = "<group>"; };
		BDD6AC241C02600E00728065 /* Instrument.h */ = {isa = PBXFileReference; fileEncoding = 4; lastKnownFileType = sourcecode.c.h; path = Instrument.h; sourceTree = "<group>"; };
		BDD6AC2E1C02802D00728065 /* StringConversion.h */ = {isa = PBXFileReference; lastKnownFileType = sourcecode.c.h; path = StringConversion.h; sourceTree = "<group>"; };
		BDD6AC301C02805F00728065 /* StringConversion.cpp */ = {isa = PBXFileReference; fileEncoding = 4; lastKnownFileType = sourcecode.cpp.cpp; path = StringConversion.cpp; sourceTree = "<group>"; };
		BDD6AC331C03AF5300728065 /* sndcat.cpp */ = {isa = PBXFileReference; fileEncoding = 4; lastKnownFileType = sourcecode.cpp.cpp; path = sndcat.cpp; sourceTree = "<group>"; };
		BDD6AC341C03AF5300728065 /* sndcat.h */ = {isa = PBXFileReference; fileEncoding = 4; lastKnownFileType = sourcecode.c.h; path = sndcat.h; sourceTree = "<group>"; };
		BDD6AC351C03AF5300728065 /* sndmix.cpp */ = {isa = PBXFileReference; fileEncoding = 4; lastKnownFileType = sourcecode.cpp.cpp; path = sndmix.cpp; sourceTree = "<group>"; };
		BDD6AC361C03AF5300728065 /* sndmix.h */ = {isa = PBXFileReference; fileEncoding = 4; lastKnownFileType = sourcecode.c.h; path = sndmix.h; sourceTree = "<group>"; };
		BDD6AC371C03AF5300728065 /* sndgen.cpp */ = {isa = PBXFileReference; fileEncoding = 4; lastKnownFileType = sourcecode.cpp.cpp; path = sndgen.cpp; sourceTree = "<group>"; };
		BDD6AC381C03AF5300728065 /* sndgen.h */ = {isa = PBXFileReference; fileEncoding = 4; lastKnownFileType = sourcecode.c.h; path = sndgen.h; sourceTree = "<group>"; };
		BDD6AC391C03AF5300728065 /* sndcvt.cpp */ = {isa = PBXFileReference; fileEncoding = 4; lastKnownFileType = sourcecode.cpp.cpp; path = sndcvt.cpp; sourceTree = "<group>"; };
		BDD6AC3A1C03AF5300728065 /* sndcvt.h */ = {isa = PBXFileReference; fileEncoding = 4; lastKnownFileType = sourcecode.c.h; path = sndcvt.h; sourceTree = "<group>"; };
		BDD6AC3B1C03AF5300728065 /* sndfx.cpp */ = {isa = PBXFileReference; fileEncoding = 4; lastKnownFileType = sourcecode.cpp.cpp; path = sndfx.cpp; sourceTree = "<group>"; };
		BDD6AC3C1C03AF5300728065 /* sndfx.h */ = {isa = PBXFileReference; fileEncoding = 4; lastKnownFileType = sourcecode.c.h; path = sndfx.h; sourceTree = "<group>"; };
		BDD6AC3D1C03AF5300728065 /* sndplay.cpp */ = {isa = PBXFileReference; fileEncoding = 4; lastKnownFileType = sourcecode.cpp.cpp; path = sndplay.cpp; sourceTree = "<group>"; };
		BDD6AC3E1C03AF5300728065 /* sndplay.h */ = {isa = PBXFileReference; fileEncoding = 4; lastKnownFileType = sourcecode.c.h; path = sndplay.h; sourceTree = "<group>"; };
		BDD6AC4D1C03B12100728065 /* AnotherCs229File.cs229 */ = {isa = PBXFileReference; fileEncoding = 4; lastKnownFileType = text; path = AnotherCs229File.cs229; sourceTree = "<group>"; };
		BDD6AC4E1C03B12100728065 /* MyWavFile.wav */ = {isa = PBXFileReference; lastKnownFileType = audio.wav; path = MyWavFile.wav; sourceTree = "<group>"; };
		BDD6AC4F1C03B12100728065 /* README.md */ = {isa = PBXFileReference; fileEncoding = 4; lastKnownFileType = net.daringfireball.markdown; path = README.md; sourceTree = "<group>"; };
		BDD6AC501C03B12100728065 /* TestSound.cs229 */ = {isa = PBXFileReference; fileEncoding = 4; lastKnownFileType = text; path = TestSound.cs229; sourceTree = "<group>"; };
		BDD6AC521C03B24200728065 /* MyAbcFile.ABC229 */ = {isa = PBXFileReference; lastKnownFileType = text; path = MyAbcFile.ABC229; sourceTree = "<group>"; };
		BDD6AC531C03B53300728065 /* Sample.cpp */ = {isa = PBXFileReference; fileEncoding = 4; lastKnownFileType = sourcecode.cpp.cpp; path = Sample.cpp; sourceTree = "<group>"; };
		BDD6AC541C03B53300728065 /* Sample.h */ = {isa = PBXFileReference; fileEncoding = 4; lastKnownFileType = sourcecode.c.h; path = Sample.h; sourceTree = "<group>"; };
		BDD6AC561C03C0FF00728065 /* main.cpp */ = {isa = PBXFileReference; fileEncoding = 4; lastKnownFileType = sourcecode.cpp.cpp; name = main.cpp; path = ../main.cpp; sourceTree = "<group>"; };
/* End PBXFileReference section */

/* Begin PBXFrameworksBuildPhase section */
		BDD6AC001C0248F100728065 /* Frameworks */ = {
			isa = PBXFrameworksBuildPhase;
			buildActionMask = 2147483647;
			files = (
			);
			runOnlyForDeploymentPostprocessing = 0;
		};
/* End PBXFrameworksBuildPhase section */

/* Begin PBXGroup section */
		BDD6ABFA1C0248F100728065 = {
			isa = PBXGroup;
			children = (
				BDD6AC051C0248F100728065 /* HW4 */,
				BDD6AC041C0248F100728065 /* Products */,
				BDD6AC521C03B24200728065 /* MyAbcFile.ABC229 */,
				BDD6AC0D1C02495800728065 /* Makefile */,
				BDD6AC4D1C03B12100728065 /* AnotherCs229File.cs229 */,
				BDD6AC4E1C03B12100728065 /* MyWavFile.wav */,
				BDD6AC4F1C03B12100728065 /* README.md */,
				BDD6AC501C03B12100728065 /* TestSound.cs229 */,
			);
			sourceTree = "<group>";
		};
		BDD6AC041C0248F100728065 /* Products */ = {
			isa = PBXGroup;
			children = (
				BDD6AC031C0248F100728065 /* HW4 */,
			);
			name = Products;
			sourceTree = "<group>";
		};
		BDD6AC051C0248F100728065 /* HW4 */ = {
			isa = PBXGroup;
			children = (
				BDD6AC561C03C0FF00728065 /* main.cpp */,
				BDD6AC111C024CAA00728065 /* FileTypes */,
				BDD6AC101C024C6900728065 /* Objects */,
				BDD6AC2C1C02762700728065 /* Util */,
				BDD6AC121C024CB400728065 /* Programs */,
			);
			path = HW4;
			sourceTree = "<group>";
		};
		BDD6AC101C024C6900728065 /* Objects */ = {
			isa = PBXGroup;
			children = (
				BDD6AC131C024CCC00728065 /* ProgramObject.cpp */,
				BDD6AC141C024CCC00728065 /* ProgramObject.h */,
				BDD6AC161C025C0000728065 /* SoundFile.cpp */,
				BDD6AC171C025C0000728065 /* SoundFile.h */,
				BDD6AC231C02600E00728065 /* Instrument.cpp */,
				BDD6AC241C02600E00728065 /* Instrument.h */,
				BDD6AC531C03B53300728065 /* Sample.cpp */,
				BDD6AC541C03B53300728065 /* Sample.h */,
			);
			name = Objects;
			sourceTree = "<group>";
		};
		BDD6AC111C024CAA00728065 /* FileTypes */ = {
			isa = PBXGroup;
			children = (
				BDD6AC1A1C025E7E00728065 /* Cs229File.cpp */,
				BDD6AC1B1C025E7E00728065 /* Cs229File.h */,
				BDD6AC1C1C025E7E00728065 /* WavFile.cpp */,
				BDD6AC1D1C025E7E00728065 /* WavFile.h */,
				BDD6AC1E1C025E7E00728065 /* ABC229File.cpp */,
				BDD6AC1F1C025E7E00728065 /* ABC229File.h */,
			);
			name = FileTypes;
			sourceTree = "<group>";
		};
		BDD6AC121C024CB400728065 /* Programs */ = {
			isa = PBXGroup;
			children = (
				BDD6AC061C0248F100728065 /* sndinfo.cpp */,
				BDD6AC0F1C0249A400728065 /* sndinfo.h */,
				BDD6AC331C03AF5300728065 /* sndcat.cpp */,
				BDD6AC341C03AF5300728065 /* sndcat.h */,
				BDD6AC351C03AF5300728065 /* sndmix.cpp */,
				BDD6AC361C03AF5300728065 /* sndmix.h */,
				BDD6AC371C03AF5300728065 /* sndgen.cpp */,
				BDD6AC381C03AF5300728065 /* sndgen.h */,
				BDD6AC391C03AF5300728065 /* sndcvt.cpp */,
				BDD6AC3A1C03AF5300728065 /* sndcvt.h */,
				BDD6AC3B1C03AF5300728065 /* sndfx.cpp */,
				BDD6AC3C1C03AF5300728065 /* sndfx.h */,
				BDD6AC3D1C03AF5300728065 /* sndplay.cpp */,
				BDD6AC3E1C03AF5300728065 /* sndplay.h */,
			);
			name = Programs;
			sourceTree = "<group>";
		};
		BDD6AC2C1C02762700728065 /* Util */ = {
			isa = PBXGroup;
			children = (
				BDD6AC301C02805F00728065 /* StringConversion.cpp */,
				BDD6AC2E1C02802D00728065 /* StringConversion.h */,
			);
			name = Util;
			sourceTree = "<group>";
		};
/* End PBXGroup section */

/* Begin PBXNativeTarget section */
		BDD6AC021C0248F100728065 /* HW4 */ = {
			isa = PBXNativeTarget;
			buildConfigurationList = BDD6AC0A1C0248F100728065 /* Build configuration list for PBXNativeTarget "HW4" */;
			buildPhases = (
				BDD6ABFF1C0248F100728065 /* Sources */,
				BDD6AC001C0248F100728065 /* Frameworks */,
				BDD6AC011C0248F100728065 /* CopyFiles */,
			);
			buildRules = (
			);
			dependencies = (
			);
			name = HW4;
			productName = HW4;
			productReference = BDD6AC031C0248F100728065 /* HW4 */;
			productType = "com.apple.product-type.tool";
		};
/* End PBXNativeTarget section */

/* Begin PBXProject section */
		BDD6ABFB1C0248F100728065 /* Project object */ = {
			isa = PBXProject;
			attributes = {
				LastUpgradeCheck = 0710;
				ORGANIZATIONNAME = "Rick Twohy Jr";
				TargetAttributes = {
					BDD6AC021C0248F100728065 = {
						CreatedOnToolsVersion = 7.1;
					};
				};
			};
			buildConfigurationList = BDD6ABFE1C0248F100728065 /* Build configuration list for PBXProject "HW4" */;
			compatibilityVersion = "Xcode 3.2";
			developmentRegion = English;
			hasScannedForEncodings = 0;
			knownRegions = (
				en,
			);
			mainGroup = BDD6ABFA1C0248F100728065;
			productRefGroup = BDD6AC041C0248F100728065 /* Products */;
			projectDirPath = "";
			projectRoot = "";
			targets = (
				BDD6AC021C0248F100728065 /* HW4 */,
			);
		};
/* End PBXProject section */

/* Begin PBXSourcesBuildPhase section */
		BDD6ABFF1C0248F100728065 /* Sources */ = {
			isa = PBXSourcesBuildPhase;
			buildActionMask = 2147483647;
			files = (
				BDD6AC251C02600E00728065 /* Instrument.cpp in Sources */,
				BDD6AC5E1C041DF200728065 /* sndinfo.cpp in Sources */,
				BDD6AC201C025E7E00728065 /* Cs229File.cpp in Sources */,
				BDD6AC511C03B12100728065 /* README.md in Sources */,
				BDD6AC221C025E7E00728065 /* ABC229File.cpp in Sources */,
				BDD6AC151C024CCC00728065 /* ProgramObject.cpp in Sources */,
				BDD6AC211C025E7E00728065 /* WavFile.cpp in Sources */,
				BDD6AC191C025CBB00728065 /* Makefile in Sources */,
				BDD6AC311C02805F00728065 /* StringConversion.cpp in Sources */,
				BDD6AC181C025C0000728065 /* SoundFile.cpp in Sources */,
				BDD6AC551C03B53300728065 /* Sample.cpp in Sources */,
			);
			runOnlyForDeploymentPostprocessing = 0;
		};
/* End PBXSourcesBuildPhase section */

/* Begin XCBuildConfiguration section */
		BDD6AC081C0248F100728065 /* Debug */ = {
			isa = XCBuildConfiguration;
			buildSettings = {
				ALWAYS_SEARCH_USER_PATHS = NO;
				CLANG_CXX_LANGUAGE_STANDARD = "gnu++0x";
				CLANG_CXX_LIBRARY = "libc++";
				CLANG_ENABLE_MODULES = YES;
				CLANG_ENABLE_OBJC_ARC = YES;
				CLANG_WARN_BOOL_CONVERSION = YES;
				CLANG_WARN_CONSTANT_CONVERSION = YES;
				CLANG_WARN_DIRECT_OBJC_ISA_USAGE = YES_ERROR;
				CLANG_WARN_EMPTY_BODY = YES;
				CLANG_WARN_ENUM_CONVERSION = YES;
				CLANG_WARN_INT_CONVERSION = YES;
				CLANG_WARN_OBJC_ROOT_CLASS = YES_ERROR;
				CLANG_WARN_UNREACHABLE_CODE = YES;
				CLANG_WARN__DUPLICATE_METHOD_MATCH = YES;
				CODE_SIGN_IDENTITY = "-";
				COPY_PHASE_STRIP = NO;
				DEBUG_INFORMATION_FORMAT = dwarf;
				ENABLE_STRICT_OBJC_MSGSEND = YES;
				ENABLE_TESTABILITY = YES;
				GCC_C_LANGUAGE_STANDARD = gnu99;
				GCC_DYNAMIC_NO_PIC = NO;
				GCC_NO_COMMON_BLOCKS = YES;
				GCC_OPTIMIZATION_LEVEL = 0;
				GCC_PREPROCESSOR_DEFINITIONS = (
					"DEBUG=1",
					"$(inherited)",
				);
				GCC_WARN_64_TO_32_BIT_CONVERSION = YES;
				GCC_WARN_ABOUT_RETURN_TYPE = YES_ERROR;
				GCC_WARN_UNDECLARED_SELECTOR = YES;
				GCC_WARN_UNINITIALIZED_AUTOS = YES_AGGRESSIVE;
				GCC_WARN_UNUSED_FUNCTION = YES;
				GCC_WARN_UNUSED_VARIABLE = YES;
				MACOSX_DEPLOYMENT_TARGET = 10.10;
				MTL_ENABLE_DEBUG_INFO = YES;
				ONLY_ACTIVE_ARCH = YES;
				SDKROOT = macosx;
			};
			name = Debug;
		};
		BDD6AC091C0248F100728065 /* Release */ = {
			isa = XCBuildConfiguration;
			buildSettings = {
				ALWAYS_SEARCH_USER_PATHS = NO;
				CLANG_CXX_LANGUAGE_STANDARD = "gnu++0x";
				CLANG_CXX_LIBRARY = "libc++";
				CLANG_ENABLE_MODULES = YES;
				CLANG_ENABLE_OBJC_ARC = YES;
				CLANG_WARN_BOOL_CONVERSION = YES;
				CLANG_WARN_CONSTANT_CONVERSION = YES;
				CLANG_WARN_DIRECT_OBJC_ISA_USAGE = YES_ERROR;
				CLANG_WARN_EMPTY_BODY = YES;
				CLANG_WARN_ENUM_CONVERSION = YES;
				CLANG_WARN_INT_CONVERSION = YES;
				CLANG_WARN_OBJC_ROOT_CLASS = YES_ERROR;
				CLANG_WARN_UNREACHABLE_CODE = YES;
				CLANG_WARN__DUPLICATE_METHOD_MATCH = YES;
				CODE_SIGN_IDENTITY = "-";
				COPY_PHASE_STRIP = NO;
				DEBUG_INFORMATION_FORMAT = "dwarf-with-dsym";
				ENABLE_NS_ASSERTIONS = NO;
				ENABLE_STRICT_OBJC_MSGSEND = YES;
				GCC_C_LANGUAGE_STANDARD = gnu99;
				GCC_NO_COMMON_BLOCKS = YES;
				GCC_WARN_64_TO_32_BIT_CONVERSION = YES;
				GCC_WARN_ABOUT_RETURN_TYPE = YES_ERROR;
				GCC_WARN_UNDECLARED_SELECTOR = YES;
				GCC_WARN_UNINITIALIZED_AUTOS = YES_AGGRESSIVE;
				GCC_WARN_UNUSED_FUNCTION = YES;
				GCC_WARN_UNUSED_VARIABLE = YES;
				MACOSX_DEPLOYMENT_TARGET = 10.10;
				MTL_ENABLE_DEBUG_INFO = NO;
				SDKROOT = macosx;
			};
			name = Release;
		};
		BDD6AC0B1C0248F100728065 /* Debug */ = {
			isa = XCBuildConfiguration;
			buildSettings = {
				PRODUCT_NAME = "$(TARGET_NAME)";
			};
			name = Debug;
		};
		BDD6AC0C1C0248F100728065 /* Release */ = {
			isa = XCBuildConfiguration;
			buildSettings = {
				PRODUCT_NAME = "$(TARGET_NAME)";
			};
			name = Release;
		};
/* End XCBuildConfiguration section */

/* Begin XCConfigurationList section */
		BDD6ABFE1C0248F100728065 /* Build configuration list for PBXProject "HW4" */ = {
			isa = XCConfigurationList;
			buildConfigurations = (
				BDD6AC081C0248F100728065 /* Debug */,
				BDD6AC091C0248F100728065 /* Release */,
			);
			defaultConfigurationIsVisible = 0;
			defaultConfigurationName = Release;
		};
		BDD6AC0A1C0248F100728065 /* Build configuration list for PBXNativeTarget "HW4" */ = {
			isa = XCConfigurationList;
			buildConfigurations = (
				BDD6AC0B1C0248F100728065 /* Debug */,
				BDD6AC0C1C0248F100728065 /* Release */,
			);
			defaultConfigurationIsVisible = 0;
		};
/* End XCConfigurationList section */
	};
	rootObject = BDD6ABFB1C0248F100728065 /* Project object */;
}
